
Microsoft Visual Studio Solution File, Format Version 12.00
# Visual Studio Version 17
VisualStudioVersion = 17.4.33403.182
MinimumVisualStudioVersion = 10.0.40219.1
Project("{FAE04EC0-301F-11D3-BF4B-00C04F79EFBC}") = "Task5", "Task5\Task5.csproj", "{172E0F8B-8AF6-4718-9167-8D28CC0C4860}"
EndProject
Global
	GlobalSection(SolutionConfigurationPlatforms) = preSolution
		Debug|Any CPU = Debug|Any CPU
		Release|Any CPU = Release|Any CPU
	EndGlobalSection
	GlobalSection(ProjectConfigurationPlatforms) = postSolution
		{172E0F8B-8AF6-4718-9167-8D28CC0C4860}.Debug|Any CPU.ActiveCfg = Debug|Any CPU
		{172E0F8B-8AF6-4718-9167-8D28CC0C4860}.Debug|Any CPU.Build.0 = Debug|Any CPU
		{172E0F8B-8AF6-4718-9167-8D28CC0C4860}.Release|Any CPU.ActiveCfg = Release|Any CPU
		{172E0F8B-8AF6-4718-9167-8D28CC0C4860}.Release|Any CPU.Build.0 = Release|Any CPU
	EndGlobalSection
	GlobalSection(SolutionProperties) = preSolution
		HideSolutionNode = FALSE
	EndGlobalSection
	GlobalSection(ExtensibilityGlobals) = postSolution
		SolutionGuid = {CEAE073F-8B61-4AB0-883C-2F732CB91483}
	EndGlobalSection
EndGlobal
